
Microsoft Visual Studio Solution File, Format Version 12.00
# Visual Studio Version 17
VisualStudioVersion = 17.14.36301.6 d17.14
MinimumVisualStudioVersion = 10.0.40219.1
Project("{FAE04EC0-301F-11D3-BF4B-00C04F79EFBC}") = "sled", "sled\sled.csproj", "{00AE9030-BFC3-4D54-A659-4B498BD69229}"
EndProject
Global
	GlobalSection(SolutionConfigurationPlatforms) = preSolution
		Debug|Any CPU = Debug|Any CPU
		Release|Any CPU = Release|Any CPU
	EndGlobalSection
	GlobalSection(ProjectConfigurationPlatforms) = postSolution
		{00AE9030-BFC3-4D54-A659-4B498BD69229}.Debug|Any CPU.ActiveCfg = Debug|Any CPU
		{00AE9030-BFC3-4D54-A659-4B498BD69229}.Debug|Any CPU.Build.0 = Debug|Any CPU
		{00AE9030-BFC3-4D54-A659-4B498BD69229}.Release|Any CPU.ActiveCfg = Release|Any CPU
		{00AE9030-BFC3-4D54-A659-4B498BD69229}.Release|Any CPU.Build.0 = Release|Any CPU
	EndGlobalSection
	GlobalSection(SolutionProperties) = preSolution
		HideSolutionNode = FALSE
	EndGlobalSection
	GlobalSection(ExtensibilityGlobals) = postSolution
		SolutionGuid = {B2CD88B4-FF8D-4D4C-A44A-E4C055FBABB7}
	EndGlobalSection
EndGlobal
